# This file was autogenerated by Stack.
# You should not edit this file by hand.
# For more information, please see the documentation at:
#   https://docs.haskellstack.org/en/stable/lock_files

packages:
- completed:
    hackage: tasty-1.4.0.3@sha256:1c9f86d3a5e6a9e1c63de5b20a70f4103d392f85a23e77a1b401fcff36104c5b,2640
    pantry-tree:
      size: 1873
      sha256: 72846721a18ebc40c232c66d621ad3229e9270c430f06377c88a748568b22112
  original:
    hackage: tasty-1.4.0.3
- completed:
    hackage: tasty-html-0.4.1.4@sha256:18ed7c6fb79e38348e3512d90ef4b5a852a39b1d3a3a2328ac5c3f23647a6f82,1234
    pantry-tree:
      size: 609
      sha256: 776b04064269bd758e9806810d34fcd1a9952e36dfe36192bf45efa93c1f5f0a
  original:
    hackage: tasty-html-0.4.1.4
snapshots:
- completed:
    size: 563100
    url: https://raw.githubusercontent.com/commercialhaskell/stackage-snapshots/master/lts/17/0.yaml
    sha256: e93a85871577ea3423d5f3454b2b6bd37c2c2123c79faf511dfb64f5b49a9f8b
  original: lts-17.0
